
Microsoft Visual Studio Solution File, Format Version 12.00
# Visual Studio Version 17
VisualStudioVersion = 17.11.35312.102
MinimumVisualStudioVersion = 10.0.40219.1
Project("{FAE04EC0-301F-11D3-BF4B-00C04F79EFBC}") = "MovieShopMVC", "MovieShopMVC\MovieShopMVC.csproj", "{7C0FA9C0-12C9-4DDC-B4EB-C23B6C27853E}"
EndProject
Project("{FAE04EC0-301F-11D3-BF4B-00C04F79EFBC}") = "ApplicationCore", "ApplicationCore\ApplicationCore.csproj", "{3CE731AC-501F-4271-8A56-2EA96A92473E}"
EndProject
Project("{FAE04EC0-301F-11D3-BF4B-00C04F79EFBC}") = "Infastructure", "Infastructure\Infastructure.csproj", "{CFB2B05A-A91D-403F-93A3-8194D74096AB}"
EndProject
Global
	GlobalSection(SolutionConfigurationPlatforms) = preSolution
		Debug|Any CPU = Debug|Any CPU
		Release|Any CPU = Release|Any CPU
	EndGlobalSection
	GlobalSection(ProjectConfigurationPlatforms) = postSolution
		{7C0FA9C0-12C9-4DDC-B4EB-C23B6C27853E}.Debug|Any CPU.ActiveCfg = Debug|Any CPU
		{7C0FA9C0-12C9-4DDC-B4EB-C23B6C27853E}.Debug|Any CPU.Build.0 = Debug|Any CPU
		{7C0FA9C0-12C9-4DDC-B4EB-C23B6C27853E}.Release|Any CPU.ActiveCfg = Release|Any CPU
		{7C0FA9C0-12C9-4DDC-B4EB-C23B6C27853E}.Release|Any CPU.Build.0 = Release|Any CPU
		{3CE731AC-501F-4271-8A56-2EA96A92473E}.Debug|Any CPU.ActiveCfg = Debug|Any CPU
		{3CE731AC-501F-4271-8A56-2EA96A92473E}.Debug|Any CPU.Build.0 = Debug|Any CPU
		{3CE731AC-501F-4271-8A56-2EA96A92473E}.Release|Any CPU.ActiveCfg = Release|Any CPU
		{3CE731AC-501F-4271-8A56-2EA96A92473E}.Release|Any CPU.Build.0 = Release|Any CPU
		{CFB2B05A-A91D-403F-93A3-8194D74096AB}.Debug|Any CPU.ActiveCfg = Debug|Any CPU
		{CFB2B05A-A91D-403F-93A3-8194D74096AB}.Debug|Any CPU.Build.0 = Debug|Any CPU
		{CFB2B05A-A91D-403F-93A3-8194D74096AB}.Release|Any CPU.ActiveCfg = Release|Any CPU
		{CFB2B05A-A91D-403F-93A3-8194D74096AB}.Release|Any CPU.Build.0 = Release|Any CPU
	EndGlobalSection
	GlobalSection(SolutionProperties) = preSolution
		HideSolutionNode = FALSE
	EndGlobalSection
	GlobalSection(ExtensibilityGlobals) = postSolution
		SolutionGuid = {EEB656CE-62EA-46DC-8857-E8F5FEDCE41F}
	EndGlobalSection
EndGlobal
